<Solution>
  <Folder Name="/src/">
    <Project Path="src/BranchIssues/BranchIssues.csproj" />
    <Project Path="src/ClassIssue1334/ClassIssue1334.csproj" />
    <Project Path="src/ClassLibrary1/ClassLibrary1.csproj" />
    <Project Path="src/ConsoleApp/ConsoleApp.csproj" />
    <Project Path="src/Issue1417/Issue1417.csproj" Id="f01f1b4c-a459-42c1-b793-5836c683e6f4" />
    <Project Path="src/MediatorApi1718/MediatorApi1718.csproj" />
    <Project Path="src/MediatorApp1718/MediatorApp1718.csproj" />
    <Project Path="src/Mtp1934.Core/Mtp1934.Core.csproj" />
  </Folder>
  <Folder Name="/test/">
    <Project Path="test/BranchIssues.Tests/BranchIssues.Tests.csproj" />
    <Project Path="test/ConsoleApp.Tests/ConsoleApp.Tests.csproj" />
    <Project Path="test/GlobalTool.Tests/GlobalTool.Tests.csproj" />
    <Project Path="test/Issue1334.Tests/Issue1334.Tests.csproj" />
    <Project Path="test/Issue1417.Tests/Issue1417.Tests.csproj" Id="561d7148-88e1-47db-8031-776351e9698a" />
    <Project Path="test/MediatorApp.Tests/MediatorApp.Tests.csproj" />
    <Project Path="test/MSTestProject1.Tests/MSTestProject1.Tests.csproj" />
    <Project Path="test/Mtp1934.Core.Tests/Mtp1934.Core.Tests.csproj" />
    <Project Path="test/NUnitProject1.Tests/NUnitProject1.Tests.csproj" />
    <Project Path="test/XUnitProject1.Tests/XUnitProject1.Tests.csproj" />
  </Folder>
  <Folder Name="/_Solution Folder/">
    <File Path=".config/dotnet-tools.json" />
    <File Path=".editorconfig" />
    <File Path=".gitignore" />
    <File Path="Directory.Build.props" />
    <File Path="Directory.Build.targets" />
    <File Path="Directory.Packages.props" />
    <File Path="global.json" />
    <File Path="LICENSE" />
    <File Path="nuget.config" />
    <File Path="README.md" />
    <File Path="run-test.ps1" />
    <File Path="version.json" />
  </Folder>
  <Folder Name="/_Solution Folder/Github Action/">
    <File Path=".github/workflows/dotnet.yml" />
  </Folder>
</Solution>